
Microsoft Visual Studio Solution File, Format Version 12.00
# Visual Studio Version 17
VisualStudioVersion = 17.6.33815.320
MinimumVisualStudioVersion = 10.0.40219.1
Project("{9A19103F-16F7-4668-BE54-9A1E7A4F7556}") = "Hikvision.ISUPSDK", "Hikvision.ISUPSDK\Hikvision.ISUPSDK.csproj", "{322288C6-A31F-4EDF-BFBA-ABBCF2CB4F67}"
EndProject
Project("{9A19103F-16F7-4668-BE54-9A1E7A4F7556}") = "Hikvision.ISUPSDK.Sample", "Hikvision.ISUPSDK.Sample\Hikvision.ISUPSDK.Sample.csproj", "{EFDE5313-885A-412A-ABF0-ACAF83CA752D}"
EndProject
Project("{9A19103F-16F7-4668-BE54-9A1E7A4F7556}") = "Hikvision.ISUPSDK.Api", "Hikvision.ISUPSDK.Api\Hikvision.ISUPSDK.Api.csproj", "{178C6221-7661-485B-ABF8-A2A213FA6EBA}"
EndProject
Project("{9A19103F-16F7-4668-BE54-9A1E7A4F7556}") = "Hikvision.ISUPSDK.Api.Sample", "Hikvision.ISUPSDK.Api.Sample\Hikvision.ISUPSDK.Api.Sample.csproj", "{2C5D690C-C5D9-4FBF-A9E9-A19E48896EB4}"
EndProject
Project("{9A19103F-16F7-4668-BE54-9A1E7A4F7556}") = "Hikvision.ISUPSDK.Generator", "Hikvision.ISUPSDK.Generator\Hikvision.ISUPSDK.Generator.csproj", "{8B42D5DD-DA15-4230-B129-B0B682356983}"
EndProject
Global
	GlobalSection(SolutionConfigurationPlatforms) = preSolution
		Debug|Any CPU = Debug|Any CPU
		Release|Any CPU = Release|Any CPU
	EndGlobalSection
	GlobalSection(ProjectConfigurationPlatforms) = postSolution
		{322288C6-A31F-4EDF-BFBA-ABBCF2CB4F67}.Debug|Any CPU.ActiveCfg = Debug|Any CPU
		{322288C6-A31F-4EDF-BFBA-ABBCF2CB4F67}.Debug|Any CPU.Build.0 = Debug|Any CPU
		{322288C6-A31F-4EDF-BFBA-ABBCF2CB4F67}.Release|Any CPU.ActiveCfg = Release|Any CPU
		{322288C6-A31F-4EDF-BFBA-ABBCF2CB4F67}.Release|Any CPU.Build.0 = Release|Any CPU
		{EFDE5313-885A-412A-ABF0-ACAF83CA752D}.Debug|Any CPU.ActiveCfg = Debug|Any CPU
		{EFDE5313-885A-412A-ABF0-ACAF83CA752D}.Debug|Any CPU.Build.0 = Debug|Any CPU
		{EFDE5313-885A-412A-ABF0-ACAF83CA752D}.Release|Any CPU.ActiveCfg = Release|Any CPU
		{EFDE5313-885A-412A-ABF0-ACAF83CA752D}.Release|Any CPU.Build.0 = Release|Any CPU
		{178C6221-7661-485B-ABF8-A2A213FA6EBA}.Debug|Any CPU.ActiveCfg = Debug|Any CPU
		{178C6221-7661-485B-ABF8-A2A213FA6EBA}.Debug|Any CPU.Build.0 = Debug|Any CPU
		{178C6221-7661-485B-ABF8-A2A213FA6EBA}.Release|Any CPU.ActiveCfg = Release|Any CPU
		{178C6221-7661-485B-ABF8-A2A213FA6EBA}.Release|Any CPU.Build.0 = Release|Any CPU
		{2C5D690C-C5D9-4FBF-A9E9-A19E48896EB4}.Debug|Any CPU.ActiveCfg = Debug|Any CPU
		{2C5D690C-C5D9-4FBF-A9E9-A19E48896EB4}.Debug|Any CPU.Build.0 = Debug|Any CPU
		{2C5D690C-C5D9-4FBF-A9E9-A19E48896EB4}.Release|Any CPU.ActiveCfg = Release|Any CPU
		{2C5D690C-C5D9-4FBF-A9E9-A19E48896EB4}.Release|Any CPU.Build.0 = Release|Any CPU
		{8B42D5DD-DA15-4230-B129-B0B682356983}.Debug|Any CPU.ActiveCfg = Debug|Any CPU
		{8B42D5DD-DA15-4230-B129-B0B682356983}.Debug|Any CPU.Build.0 = Debug|Any CPU
		{8B42D5DD-DA15-4230-B129-B0B682356983}.Release|Any CPU.ActiveCfg = Release|Any CPU
		{8B42D5DD-DA15-4230-B129-B0B682356983}.Release|Any CPU.Build.0 = Release|Any CPU
	EndGlobalSection
	GlobalSection(SolutionProperties) = preSolution
		HideSolutionNode = FALSE
	EndGlobalSection
	GlobalSection(ExtensibilityGlobals) = postSolution
		SolutionGuid = {A6E65E61-8948-488D-B909-F2531E61D595}
	EndGlobalSection
EndGlobal
